// !$*UTF8*$!
{
	archiveVersion = 1;
	classes = {
	};
	objectVersion = 55;
	objects = {

/* Begin PBXBuildFile section */
		21286308272B20F70052D3FA /* AppDelegate.swift in Sources */ = {isa = PBXBuildFile; fileRef = 21286307272B20F70052D3FA /* AppDelegate.swift */; };
		2128630A272B20F70052D3FA /* SceneDelegate.swift in Sources */ = {isa = PBXBuildFile; fileRef = 21286309272B20F70052D3FA /* SceneDelegate.swift */; };
		2128630C272B20F70052D3FA /* IntroductionViewController.swift in Sources */ = {isa = PBXBuildFile; fileRef = 2128630B272B20F70052D3FA /* IntroductionViewController.swift */; };
		2128630F272B20F70052D3FA /* Main.storyboard in Resources */ = {isa = PBXBuildFile; fileRef = 2128630D272B20F70052D3FA /* Main.storyboard */; };
		21286311272B20FA0052D3FA /* Assets.xcassets in Resources */ = {isa = PBXBuildFile; fileRef = 21286310272B20FA0052D3FA /* Assets.xcassets */; };
		21286314272B20FA0052D3FA /* LaunchScreen.storyboard in Resources */ = {isa = PBXBuildFile; fileRef = 21286312272B20FA0052D3FA /* LaunchScreen.storyboard */; };
		21286321272B2E3C0052D3FA /* Questions.swift in Sources */ = {isa = PBXBuildFile; fileRef = 21286320272B2E3C0052D3FA /* Questions.swift */; };
		2131FF9B27305D78009745EC /* QuestionsViewController.swift in Sources */ = {isa = PBXBuildFile; fileRef = 2131FF9A27305D78009745EC /* QuestionsViewController.swift */; };
		2131FF9D27305D8E009745EC /* ResultViewController.swift in Sources */ = {isa = PBXBuildFile; fileRef = 2131FF9C27305D8E009745EC /* ResultViewController.swift */; };
/* End PBXBuildFile section */

/* Begin PBXFileReference section */
		21286304272B20F70052D3FA /* PersonalQuiz.app */ = {isa = PBXFileReference; explicitFileType = wrapper.application; includeInIndex = 0; path = PersonalQuiz.app; sourceTree = BUILT_PRODUCTS_DIR; };
		21286307272B20F70052D3FA /* AppDelegate.swift */ = {isa = PBXFileReference; lastKnownFileType = sourcecode.swift; path = AppDelegate.swift; sourceTree = "<group>"; };
		21286309272B20F70052D3FA /* SceneDelegate.swift */ = {isa = PBXFileReference; lastKnownFileType = sourcecode.swift; path = SceneDelegate.swift; sourceTree = "<group>"; };
		2128630B272B20F70052D3FA /* IntroductionViewController.swift */ = {isa = PBXFileReference; lastKnownFileType = sourcecode.swift; path = IntroductionViewController.swift; sourceTree = "<group>"; };
		2128630E272B20F70052D3FA /* Base */ = {isa = PBXFileReference; lastKnownFileType = file.storyboard; name = Base; path = Base.lproj/Main.storyboard; sourceTree = "<group>"; };
		21286310272B20FA0052D3FA /* Assets.xcassets */ = {isa = PBXFileReference; lastKnownFileType = folder.assetcatalog; path = Assets.xcassets; sourceTree = "<group>"; };
		21286313272B20FA0052D3FA /* Base */ = {isa = PBXFileReference; lastKnownFileType = file.storyboard; name = Base; path = Base.lproj/LaunchScreen.storyboard; sourceTree = "<group>"; };
		21286315272B20FA0052D3FA /* Info.plist */ = {isa = PBXFileReference; lastKnownFileType = text.plist.xml; path = Info.plist; sourceTree = "<group>"; };
		21286320272B2E3C0052D3FA /* Questions.swift */ = {isa = PBXFileReference; lastKnownFileType = sourcecode.swift; path = Questions.swift; sourceTree = "<group>"; };
		2131FF9A27305D78009745EC /* QuestionsViewController.swift */ = {isa = PBXFileReference; lastKnownFileType = sourcecode.swift; path = QuestionsViewController.swift; sourceTree = "<group>"; };
		2131FF9C27305D8E009745EC /* ResultViewController.swift */ = {isa = PBXFileReference; lastKnownFileType = sourcecode.swift; path = ResultViewController.swift; sourceTree = "<group>"; };
/* End PBXFileReference section */

/* Begin PBXFrameworksBuildPhase section */
		21286301272B20F70052D3FA /* Frameworks */ = {
			isa = PBXFrameworksBuildPhase;
			buildActionMask = 2147483647;
			files = (
			);
			runOnlyForDeploymentPostprocessing = 0;
		};
/* End PBXFrameworksBuildPhase section */

/* Begin PBXGroup section */
		212862FB272B20F70052D3FA = {
			isa = PBXGroup;
			children = (
				21286306272B20F70052D3FA /* PersonalQuiz */,
				21286305272B20F70052D3FA /* Products */,
			);
			sourceTree = "<group>";
		};
		21286305272B20F70052D3FA /* Products */ = {
			isa = PBXGroup;
			children = (
				21286304272B20F70052D3FA /* PersonalQuiz.app */,
			);
			name = Products;
			sourceTree = "<group>";
		};
		21286306272B20F70052D3FA /* PersonalQuiz */ = {
			isa = PBXGroup;
			children = (
				2128631F272B2D8A0052D3FA /* Models */,
				2128631B272B2C7F0052D3FA /* ViewControllers */,
				2128631C272B2C930052D3FA /* Storyboards */,
				2128631D272B2CAD0052D3FA /* Resources */,
				2128631E272B2CDC0052D3FA /* Configs */,
				21286312272B20FA0052D3FA /* LaunchScreen.storyboard */,
			);
			path = PersonalQuiz;
			sourceTree = "<group>";
		};
		2128631B272B2C7F0052D3FA /* ViewControllers */ = {
			isa = PBXGroup;
			children = (
				2128630B272B20F70052D3FA /* IntroductionViewController.swift */,
				2131FF9A27305D78009745EC /* QuestionsViewController.swift */,
				2131FF9C27305D8E009745EC /* ResultViewController.swift */,
			);
			path = ViewControllers;
			sourceTree = "<group>";
		};
		2128631C272B2C930052D3FA /* Storyboards */ = {
			isa = PBXGroup;
			children = (
				2128630D272B20F70052D3FA /* Main.storyboard */,
			);
			path = Storyboards;
			sourceTree = "<group>";
		};
		2128631D272B2CAD0052D3FA /* Resources */ = {
			isa = PBXGroup;
			children = (
				21286310272B20FA0052D3FA /* Assets.xcassets */,
			);
			path = Resources;
			sourceTree = "<group>";
		};
		2128631E272B2CDC0052D3FA /* Configs */ = {
			isa = PBXGroup;
			children = (
				21286307272B20F70052D3FA /* AppDelegate.swift */,
				21286309272B20F70052D3FA /* SceneDelegate.swift */,
				21286315272B20FA0052D3FA /* Info.plist */,
			);
			path = Configs;
			sourceTree = "<group>";
		};
		2128631F272B2D8A0052D3FA /* Models */ = {
			isa = PBXGroup;
			children = (
				21286320272B2E3C0052D3FA /* Questions.swift */,
			);
			path = Models;
			sourceTree = "<group>";
		};
/* End PBXGroup section */

/* Begin PBXNativeTarget section */
		21286303272B20F70052D3FA /* PersonalQuiz */ = {
			isa = PBXNativeTarget;
			buildConfigurationList = 21286318272B20FA0052D3FA /* Build configuration list for PBXNativeTarget "PersonalQuiz" */;
			buildPhases = (
				21286300272B20F70052D3FA /* Sources */,
				21286301272B20F70052D3FA /* Frameworks */,
				21286302272B20F70052D3FA /* Resources */,
			);
			buildRules = (
			);
			dependencies = (
			);
			name = PersonalQuiz;
			productName = PersonalQuiz;
			productReference = 21286304272B20F70052D3FA /* PersonalQuiz.app */;
			productType = "com.apple.product-type.application";
		};
/* End PBXNativeTarget section */

/* Begin PBXProject section */
		212862FC272B20F70052D3FA /* Project object */ = {
			isa = PBXProject;
			attributes = {
				BuildIndependentTargetsInParallel = 1;
				LastSwiftUpdateCheck = 1300;
				LastUpgradeCheck = 1300;
				TargetAttributes = {
					21286303272B20F70052D3FA = {
						CreatedOnToolsVersion = 13.0;
					};
				};
			};
			buildConfigurationList = 212862FF272B20F70052D3FA /* Build configuration list for PBXProject "PersonalQuiz" */;
			compatibilityVersion = "Xcode 13.0";
			developmentRegion = en;
			hasScannedForEncodings = 0;
			knownRegions = (
				en,
				Base,
			);
			mainGroup = 212862FB272B20F70052D3FA;
			productRefGroup = 21286305272B20F70052D3FA /* Products */;
			projectDirPath = "";
			projectRoot = "";
			targets = (
				21286303272B20F70052D3FA /* PersonalQuiz */,
			);
		};
/* End PBXProject section */

/* Begin PBXResourcesBuildPhase section */
		21286302272B20F70052D3FA /* Resources */ = {
			isa = PBXResourcesBuildPhase;
			buildActionMask = 2147483647;
			files = (
				21286314272B20FA0052D3FA /* LaunchScreen.storyboard in Resources */,
				21286311272B20FA0052D3FA /* Assets.xcassets in Resources */,
				2128630F272B20F70052D3FA /* Main.storyboard in Resources */,
			);
			runOnlyForDeploymentPostprocessing = 0;
		};
/* End PBXResourcesBuildPhase section */

/* Begin PBXSourcesBuildPhase section */
		21286300272B20F70052D3FA /* Sources */ = {
			isa = PBXSourcesBuildPhase;
			buildActionMask = 2147483647;
			files = (
				2128630C272B20F70052D3FA /* IntroductionViewController.swift in Sources */,
				2131FF9B27305D78009745EC /* QuestionsViewController.swift in Sources */,
				21286321272B2E3C0052D3FA /* Questions.swift in Sources */,
				21286308272B20F70052D3FA /* AppDelegate.swift in Sources */,
				2128630A272B20F70052D3FA /* SceneDelegate.swift in Sources */,
				2131FF9D27305D8E009745EC /* ResultViewController.swift in Sources */,
			);
			runOnlyForDeploymentPostprocessing = 0;
		};
/* End PBXSourcesBuildPhase section */

/* Begin PBXVariantGroup section */
		2128630D272B20F70052D3FA /* Main.storyboard */ = {
			isa = PBXVariantGroup;
			children = (
				2128630E272B20F70052D3FA /* Base */,
			);
			name = Main.storyboard;
			sourceTree = "<group>";
		};
		21286312272B20FA0052D3FA /* LaunchScreen.storyboard */ = {
			isa = PBXVariantGroup;
			children = (
				21286313272B20FA0052D3FA /* Base */,
			);
			name = LaunchScreen.storyboard;
			sourceTree = "<group>";
		};
/* End PBXVariantGroup section */

/* Begin XCBuildConfiguration section */
		21286316272B20FA0052D3FA /* Debug */ = {
			isa = XCBuildConfiguration;
			buildSettings = {
				ALWAYS_SEARCH_USER_PATHS = NO;
				CLANG_ANALYZER_NONNULL = YES;
				CLANG_ANALYZER_NUMBER_OBJECT_CONVERSION = YES_AGGRESSIVE;
				CLANG_CXX_LANGUAGE_STANDARD = "gnu++17";
				CLANG_CXX_LIBRARY = "libc++";
				CLANG_ENABLE_MODULES = YES;
				CLANG_ENABLE_OBJC_ARC = YES;
				CLANG_ENABLE_OBJC_WEAK = YES;
				CLANG_WARN_BLOCK_CAPTURE_AUTORELEASING = YES;
				CLANG_WARN_BOOL_CONVERSION = YES;
				CLANG_WARN_COMMA = YES;
				CLANG_WARN_CONSTANT_CONVERSION = YES;
				CLANG_WARN_DEPRECATED_OBJC_IMPLEMENTATIONS = YES;
				CLANG_WARN_DIRECT_OBJC_ISA_USAGE = YES_ERROR;
				CLANG_WARN_DOCUMENTATION_COMMENTS = YES;
				CLANG_WARN_EMPTY_BODY = YES;
				CLANG_WARN_ENUM_CONVERSION = YES;
				CLANG_WARN_INFINITE_RECURSION = YES;
				CLANG_WARN_INT_CONVERSION = YES;
				CLANG_WARN_NON_LITERAL_NULL_CONVERSION = YES;
				CLANG_WARN_OBJC_IMPLICIT_RETAIN_SELF = YES;
				CLANG_WARN_OBJC_LITERAL_CONVERSION = YES;
				CLANG_WARN_OBJC_ROOT_CLASS = YES_ERROR;
				CLANG_WARN_QUOTED_INCLUDE_IN_FRAMEWORK_HEADER = YES;
				CLANG_WARN_RANGE_LOOP_ANALYSIS = YES;
				CLANG_WARN_STRICT_PROTOTYPES = YES;
				CLANG_WARN_SUSPICIOUS_MOVE = YES;
				CLANG_WARN_UNGUARDED_AVAILABILITY = YES_AGGRESSIVE;
				CLANG_WARN_UNREACHABLE_CODE = YES;
				CLANG_WARN__DUPLICATE_METHOD_MATCH = YES;
				COPY_PHASE_STRIP = NO;
				DEBUG_INFORMATION_FORMAT = dwarf;
				ENABLE_STRICT_OBJC_MSGSEND = YES;
				ENABLE_TESTABILITY = YES;
				GCC_C_LANGUAGE_STANDARD = gnu11;
				GCC_DYNAMIC_NO_PIC = NO;
				GCC_NO_COMMON_BLOCKS = YES;
				GCC_OPTIMIZATION_LEVEL = 0;
				GCC_PREPROCESSOR_DEFINITIONS = (
					"DEBUG=1",
					"$(inherited)",
				);
				GCC_WARN_64_TO_32_BIT_CONVERSION = YES;
				GCC_WARN_ABOUT_RETURN_TYPE = YES_ERROR;
				GCC_WARN_UNDECLARED_SELECTOR = YES;
				GCC_WARN_UNINITIALIZED_AUTOS = YES_AGGRESSIVE;
				GCC_WARN_UNUSED_FUNCTION = YES;
				GCC_WARN_UNUSED_VARIABLE = YES;
				IPHONEOS_DEPLOYMENT_TARGET = 15.0;
				MTL_ENABLE_DEBUG_INFO = INCLUDE_SOURCE;
				MTL_FAST_MATH = YES;
				ONLY_ACTIVE_ARCH = YES;
				SDKROOT = iphoneos;
				SWIFT_ACTIVE_COMPILATION_CONDITIONS = DEBUG;
				SWIFT_OPTIMIZATION_LEVEL = "-Onone";
			};
			name = Debug;
		};
		21286317272B20FA0052D3FA /* Release */ = {
			isa = XCBuildConfiguration;
			buildSettings = {
				ALWAYS_SEARCH_USER_PATHS = NO;
				CLANG_ANALYZER_NONNULL = YES;
				CLANG_ANALYZER_NUMBER_OBJECT_CONVERSION = YES_AGGRESSIVE;
				CLANG_CXX_LANGUAGE_STANDARD = "gnu++17";
				CLANG_CXX_LIBRARY = "libc++";
				CLANG_ENABLE_MODULES = YES;
				CLANG_ENABLE_OBJC_ARC = YES;
				CLANG_ENABLE_OBJC_WEAK = YES;
				CLANG_WARN_BLOCK_CAPTURE_AUTORELEASING = YES;
				CLANG_WARN_BOOL_CONVERSION = YES;
				CLANG_WARN_COMMA = YES;
				CLANG_WARN_CONSTANT_CONVERSION = YES;
				CLANG_WARN_DEPRECATED_OBJC_IMPLEMENTATIONS = YES;
				CLANG_WARN_DIRECT_OBJC_ISA_USAGE = YES_ERROR;
				CLANG_WARN_DOCUMENTATION_COMMENTS = YES;
				CLANG_WARN_EMPTY_BODY = YES;
				CLANG_WARN_ENUM_CONVERSION = YES;
				CLANG_WARN_INFINITE_RECURSION = YES;
				CLANG_WARN_INT_CONVERSION = YES;
				CLANG_WARN_NON_LITERAL_NULL_CONVERSION = YES;
				CLANG_WARN_OBJC_IMPLICIT_RETAIN_SELF = YES;
				CLANG_WARN_OBJC_LITERAL_CONVERSION = YES;
				CLANG_WARN_OBJC_ROOT_CLASS = YES_ERROR;
				CLANG_WARN_QUOTED_INCLUDE_IN_FRAMEWORK_HEADER = YES;
				CLANG_WARN_RANGE_LOOP_ANALYSIS = YES;
				CLANG_WARN_STRICT_PROTOTYPES = YES;
				CLANG_WARN_SUSPICIOUS_MOVE = YES;
				CLANG_WARN_UNGUARDED_AVAILABILITY = YES_AGGRESSIVE;
				CLANG_WARN_UNREACHABLE_CODE = YES;
				CLANG_WARN__DUPLICATE_METHOD_MATCH = YES;
				COPY_PHASE_STRIP = NO;
				DEBUG_INFORMATION_FORMAT = "dwarf-with-dsym";
				ENABLE_NS_ASSERTIONS = NO;
				ENABLE_STRICT_OBJC_MSGSEND = YES;
				GCC_C_LANGUAGE_STANDARD = gnu11;
				GCC_NO_COMMON_BLOCKS = YES;
				GCC_WARN_64_TO_32_BIT_CONVERSION = YES;
				GCC_WARN_ABOUT_RETURN_TYPE = YES_ERROR;
				GCC_WARN_UNDECLARED_SELECTOR = YES;
				GCC_WARN_UNINITIALIZED_AUTOS = YES_AGGRESSIVE;
				GCC_WARN_UNUSED_FUNCTION = YES;
				GCC_WARN_UNUSED_VARIABLE = YES;
				IPHONEOS_DEPLOYMENT_TARGET = 15.0;
				MTL_ENABLE_DEBUG_INFO = NO;
				MTL_FAST_MATH = YES;
				SDKROOT = iphoneos;
				SWIFT_COMPILATION_MODE = wholemodule;
				SWIFT_OPTIMIZATION_LEVEL = "-O";
				VALIDATE_PRODUCT = YES;
			};
			name = Release;
		};
		21286319272B20FA0052D3FA /* Debug */ = {
			isa = XCBuildConfiguration;
			buildSettings = {
				ASSETCATALOG_COMPILER_APPICON_NAME = AppIcon;
				ASSETCATALOG_COMPILER_GLOBAL_ACCENT_COLOR_NAME = AccentColor;
				CODE_SIGN_STYLE = Automatic;
				CURRENT_PROJECT_VERSION = 1;
				DEVELOPMENT_TEAM = 46GSK847SZ;
				GENERATE_INFOPLIST_FILE = YES;
				INFOPLIST_FILE = PersonalQuiz/Configs/Info.plist;
				INFOPLIST_KEY_UIApplicationSupportsIndirectInputEvents = YES;
				INFOPLIST_KEY_UILaunchStoryboardName = LaunchScreen;
				INFOPLIST_KEY_UIMainStoryboardFile = Main;
				INFOPLIST_KEY_UISupportedInterfaceOrientations_iPad = "UIInterfaceOrientationPortrait UIInterfaceOrientationPortraitUpsideDown UIInterfaceOrientationLandscapeLeft UIInterfaceOrientationLandscapeRight";
				INFOPLIST_KEY_UISupportedInterfaceOrientations_iPhone = "UIInterfaceOrientationPortrait UIInterfaceOrientationLandscapeLeft UIInterfaceOrientationLandscapeRight";
				LD_RUNPATH_SEARCH_PATHS = (
					"$(inherited)",
					"@executable_path/Frameworks",
				);
				MARKETING_VERSION = 1.0;
				PRODUCT_BUNDLE_IDENTIFIER = nikita.zharinov.PersonalQuiz;
				PRODUCT_NAME = "$(TARGET_NAME)";
				SWIFT_EMIT_LOC_STRINGS = YES;
				SWIFT_VERSION = 5.0;
				TARGETED_DEVICE_FAMILY = 1;
			};
			name = Debug;
		};
		2128631A272B20FA0052D3FA /* Release */ = {
			isa = XCBuildConfiguration;
			buildSettings = {
				ASSETCATALOG_COMPILER_APPICON_NAME = AppIcon;
				ASSETCATALOG_COMPILER_GLOBAL_ACCENT_COLOR_NAME = AccentColor;
				CODE_SIGN_STYLE = Automatic;
				CURRENT_PROJECT_VERSION = 1;
				DEVELOPMENT_TEAM = 46GSK847SZ;
				GENERATE_INFOPLIST_FILE = YES;
				INFOPLIST_FILE = PersonalQuiz/Configs/Info.plist;
				INFOPLIST_KEY_UIApplicationSupportsIndirectInputEvents = YES;
				INFOPLIST_KEY_UILaunchStoryboardName = LaunchScreen;
				INFOPLIST_KEY_UIMainStoryboardFile = Main;
				INFOPLIST_KEY_UISupportedInterfaceOrientations_iPad = "UIInterfaceOrientationPortrait UIInterfaceOrientationPortraitUpsideDown UIInterfaceOrientationLandscapeLeft UIInterfaceOrientationLandscapeRight";
				INFOPLIST_KEY_UISupportedInterfaceOrientations_iPhone = "UIInterfaceOrientationPortrait UIInterfaceOrientationLandscapeLeft UIInterfaceOrientationLandscapeRight";
				LD_RUNPATH_SEARCH_PATHS = (
					"$(inherited)",
					"@executable_path/Frameworks",
				);
				MARKETING_VERSION = 1.0;
				PRODUCT_BUNDLE_IDENTIFIER = nikita.zharinov.PersonalQuiz;
				PRODUCT_NAME = "$(TARGET_NAME)";
				SWIFT_EMIT_LOC_STRINGS = YES;
				SWIFT_VERSION = 5.0;
				TARGETED_DEVICE_FAMILY = 1;
			};
			name = Release;
		};
/* End XCBuildConfiguration section */

/* Begin XCConfigurationList section */
		212862FF272B20F70052D3FA /* Build configuration list for PBXProject "PersonalQuiz" */ = {
			isa = XCConfigurationList;
			buildConfigurations = (
				21286316272B20FA0052D3FA /* Debug */,
				21286317272B20FA0052D3FA /* Release */,
			);
			defaultConfigurationIsVisible = 0;
			defaultConfigurationName = Release;
		};
		21286318272B20FA0052D3FA /* Build configuration list for PBXNativeTarget "PersonalQuiz" */ = {
			isa = XCConfigurationList;
			buildConfigurations = (
				21286319272B20FA0052D3FA /* Debug */,
				2128631A272B20FA0052D3FA /* Release */,
			);
			defaultConfigurationIsVisible = 0;
			defaultConfigurationName = Release;
		};
/* End XCConfigurationList section */
	};
	rootObject = 212862FC272B20F70052D3FA /* Project object */;
}
